
Microsoft Visual Studio Solution File, Format Version 12.00
# Visual Studio 15
VisualStudioVersion = 15.0.27428.2015
MinimumVisualStudioVersion = 10.0.40219.1
Project("{FAE04EC0-301F-11D3-BF4B-00C04F79EFBC}") = "E-Widencja", "E-Widencja\E-Widencja.csproj", "{417B2F3F-3ECC-4EFD-A937-85CB89E06AB4}"
EndProject
Project("{FAE04EC0-301F-11D3-BF4B-00C04F79EFBC}") = "C-OreDB", "C-OreDB\C-OreDB.csproj", "{812507AB-00BA-4979-9CC7-C383F87B143A}"
EndProject
Global
	GlobalSection(SolutionConfigurationPlatforms) = preSolution
		Debug|Any CPU = Debug|Any CPU
		Release|Any CPU = Release|Any CPU
	EndGlobalSection
	GlobalSection(ProjectConfigurationPlatforms) = postSolution
		{417B2F3F-3ECC-4EFD-A937-85CB89E06AB4}.Debug|Any CPU.ActiveCfg = Debug|Any CPU
		{417B2F3F-3ECC-4EFD-A937-85CB89E06AB4}.Debug|Any CPU.Build.0 = Debug|Any CPU
		{417B2F3F-3ECC-4EFD-A937-85CB89E06AB4}.Release|Any CPU.ActiveCfg = Release|Any CPU
		{417B2F3F-3ECC-4EFD-A937-85CB89E06AB4}.Release|Any CPU.Build.0 = Release|Any CPU
		{812507AB-00BA-4979-9CC7-C383F87B143A}.Debug|Any CPU.ActiveCfg = Debug|Any CPU
		{812507AB-00BA-4979-9CC7-C383F87B143A}.Debug|Any CPU.Build.0 = Debug|Any CPU
		{812507AB-00BA-4979-9CC7-C383F87B143A}.Release|Any CPU.ActiveCfg = Release|Any CPU
		{812507AB-00BA-4979-9CC7-C383F87B143A}.Release|Any CPU.Build.0 = Release|Any CPU
	EndGlobalSection
	GlobalSection(SolutionProperties) = preSolution
		HideSolutionNode = FALSE
	EndGlobalSection
	GlobalSection(ExtensibilityGlobals) = postSolution
		SolutionGuid = {56E24F24-0B92-436B-9998-697C5D6522D9}
	EndGlobalSection
EndGlobal
